<?xml version="1.0" encoding="utf-8"?>
<Project xmlns="http://schemas.microsoft.com/developer/msbuild/2003">
  <ItemGroup>
    <Filter Include="Generated Files">
      <UniqueIdentifier>{71ED8ED8-ACB9-4CE9-BBE1-E00B30144E11}</UniqueIdentifier>
      <Extensions>cpp;c;cxx;moc;h;def;odl;idl;res;</Extensions>
    </Filter>
    <Filter Include="Generated Files">
      <UniqueIdentifier>{71ED8ED8-ACB9-4CE9-BBE1-E00B30144E11}</UniqueIdentifier>
      <Extensions>cpp;c;cxx;moc;h;def;odl;idl;res;</Extensions>
    </Filter>
    <Filter Include="Header Files">
      <UniqueIdentifier>{93995380-89BD-4b04-88EB-625FBE52EBFB}</UniqueIdentifier>
      <Extensions>h;hpp;hxx;hm;inl;inc;xsd</Extensions>
    </Filter>
    <Filter Include="Header Files">
      <UniqueIdentifier>{93995380-89BD-4b04-88EB-625FBE52EBFB}</UniqueIdentifier>
      <Extensions>h;hpp;hxx;hm;inl;inc;xsd</Extensions>
    </Filter>
    <Filter Include="Resource Files">
      <UniqueIdentifier>{D9D6E242-F8AF-46E4-B9FD-80ECBC20BA3E}</UniqueIdentifier>
      <Extensions>qrc;*</Extensions>
      <ParseFiles>false</ParseFiles>
    </Filter>
    <Filter Include="Resource Files">
      <UniqueIdentifier>{D9D6E242-F8AF-46E4-B9FD-80ECBC20BA3E}</UniqueIdentifier>
      <Extensions>qrc;*</Extensions>
      <ParseFiles>false</ParseFiles>
    </Filter>
    <Filter Include="Source Files">
      <UniqueIdentifier>{4FC737F1-C7A5-4376-A066-2A32D752A2FF}</UniqueIdentifier>
      <Extensions>cpp;c;cxx;def;odl;idl;hpj;bat;asm;asmx</Extensions>
    </Filter>
    <Filter Include="Source Files">
      <UniqueIdentifier>{4FC737F1-C7A5-4376-A066-2A32D752A2FF}</UniqueIdentifier>
      <Extensions>cpp;c;cxx;def;odl;idl;hpj;bat;asm;asmx</Extensions>
    </Filter>
  </ItemGroup>
  <ItemGroup>
    <ClCompile Include="commands.cpp">
      <Filter>Source Files</Filter>
    </ClCompile>
    <ClCompile Include="customproperty.cpp">
      <Filter>Source Files</Filter>
    </ClCompile>
    <ClCompile Include="document.cpp">
      <Filter>Source Files</Filter>
    </ClCompile>
    <ClCompile Include="drawobj.cpp">
      <Filter>Source Files</Filter>
    </ClCompile>
    <ClCompile Include="drawscene.cpp">
      <Filter>Source Files</Filter>
    </ClCompile>
    <ClCompile Include="drawtool.cpp">
      <Filter>Source Files</Filter>
    </ClCompile>
    <ClCompile Include="drawview.cpp">
      <Filter>Source Files</Filter>
    </ClCompile>
    <ClCompile Include="main.cpp">
      <Filter>Source Files</Filter>
    </ClCompile>
    <ClCompile Include="mainwindow.cpp">
      <Filter>Source Files</Filter>
    </ClCompile>
    <ClCompile Include="objectcontroller.cpp">
      <Filter>Source Files</Filter>
    </ClCompile>
    <ClCompile Include="..\qtpropertybrowser\src\qtbuttonpropertybrowser.cpp">
      <Filter>Source Files</Filter>
    </ClCompile>
    <QtMoc Include="..\qtpropertybrowser\src\qteditorfactory.cpp">
      <Filter>Source Files</Filter>
    </QtMoc>
    <ClCompile Include="..\qtpropertybrowser\src\qtgroupboxpropertybrowser.cpp">
      <Filter>Source Files</Filter>
    </ClCompile>
    <ClCompile Include="..\qtpropertybrowser\src\qtpropertybrowser.cpp">
      <Filter>Source Files</Filter>
    </ClCompile>
    <ClCompile Include="..\qtpropertybrowser\src\qtpropertybrowserutils.cpp">
      <Filter>Source Files</Filter>
    </ClCompile>
    <QtMoc Include="..\qtpropertybrowser\src\qtpropertymanager.cpp">
      <Filter>Source Files</Filter>
    </QtMoc>
    <QtMoc Include="..\qtpropertybrowser\src\qttreepropertybrowser.cpp">
      <Filter>Source Files</Filter>
    </QtMoc>
    <ClCompile Include="..\qtpropertybrowser\src\qtvariantproperty.cpp">
      <Filter>Source Files</Filter>
    </ClCompile>
    <ClCompile Include="rulebar.cpp">
      <Filter>Source Files</Filter>
    </ClCompile>
    <ClCompile Include="sizehandle.cpp">
      <Filter>Source Files</Filter>
    </ClCompile>
  </ItemGroup>
  <ItemGroup>
    <ClInclude Include="commands.h">
      <Filter>Header Files</Filter>
    </ClInclude>
    <QtMoc Include="customproperty.h">
      <Filter>Header Files</Filter>
    </QtMoc>
    <ClInclude Include="document.h">
      <Filter>Header Files</Filter>
    </ClInclude>
    <QtMoc Include="drawobj.h">
      <Filter>Header Files</Filter>
    </QtMoc>
    <QtMoc Include="drawscene.h">
      <Filter>Header Files</Filter>
    </QtMoc>
    <ClInclude Include="drawtool.h">
      <Filter>Header Files</Filter>
    </ClInclude>
    <QtMoc Include="drawview.h">
      <Filter>Header Files</Filter>
    </QtMoc>
    <QtMoc Include="mainwindow.h">
      <Filter>Header Files</Filter>
    </QtMoc>
    <QtMoc Include="objectcontroller.h">
      <Filter>Header Files</Filter>
    </QtMoc>
    <QtMoc Include="..\qtpropertybrowser\src\qtbuttonpropertybrowser.h">
      <Filter>Header Files</Filter>
    </QtMoc>
    <QtMoc Include="..\qtpropertybrowser\src\qteditorfactory.h">
      <Filter>Header Files</Filter>
    </QtMoc>
    <QtMoc Include="..\qtpropertybrowser\src\qtgroupboxpropertybrowser.h">
      <Filter>Header Files</Filter>
    </QtMoc>
    <QtMoc Include="..\qtpropertybrowser\src\qtpropertybrowser.h">
      <Filter>Header Files</Filter>
    </QtMoc>
    <QtMoc Include="..\qtpropertybrowser\src\qtpropertybrowserutils_p.h">
      <Filter>Header Files</Filter>
    </QtMoc>
    <QtMoc Include="..\qtpropertybrowser\src\qtpropertymanager.h">
      <Filter>Header Files</Filter>
    </QtMoc>
    <QtMoc Include="..\qtpropertybrowser\src\qttreepropertybrowser.h">
      <Filter>Header Files</Filter>
    </QtMoc>
    <QtMoc Include="..\qtpropertybrowser\src\qtvariantproperty.h">
      <Filter>Header Files</Filter>
    </QtMoc>
    <QtMoc Include="rulebar.h">
      <Filter>Header Files</Filter>
    </QtMoc>
    <ClInclude Include="sizehandle.h">
      <Filter>Header Files</Filter>
    </ClInclude>
  </ItemGroup>
  <ItemGroup>
    <CustomBuild Include="debug\moc_predefs.h.cbt">
      <Filter>Generated Files</Filter>
    </CustomBuild>
    <CustomBuild Include="release\moc_predefs.h.cbt">
      <Filter>Generated Files</Filter>
    </CustomBuild>
  </ItemGroup>
  <ItemGroup>
    <None Include="icons\align_all.png">
      <Filter>Resource Files</Filter>
    </None>
    <None Include="icons\align_bottom.png">
      <Filter>Resource Files</Filter>
    </None>
    <None Include="icons\align_hcenter.png">
      <Filter>Resource Files</Filter>
    </None>
    <None Include="icons\align_height.png">
      <Filter>Resource Files</Filter>
    </None>
    <None Include="icons\align_height.svg">
      <Filter>Resource Files</Filter>
    </None>
    <None Include="icons\align_horzeven.png">
      <Filter>Resource Files</Filter>
    </None>
    <None Include="icons\align_left.png">
      <Filter>Resource Files</Filter>
    </None>
    <None Include="icons\align_right.png">
      <Filter>Resource Files</Filter>
    </None>
    <None Include="icons\align_top.png">
      <Filter>Resource Files</Filter>
    </None>
    <None Include="icons\align_vcenter.png">
      <Filter>Resource Files</Filter>
    </None>
    <None Include="icons\align_verteven.png">
      <Filter>Resource Files</Filter>
    </None>
    <None Include="icons\align_width.png">
      <Filter>Resource Files</Filter>
    </None>
    <None Include="icons\align_width.svg">
      <Filter>Resource Files</Filter>
    </None>
    <QtRcc Include="app.qrc">
      <Filter>Resource Files</Filter>
    </QtRcc>
    <None Include="icons\arc.png">
      <Filter>Resource Files</Filter>
    </None>
    <None Include="icons\arrow.png">
      <Filter>Resource Files</Filter>
    </None>
    <None Include="icons\bezier.png">
      <Filter>Resource Files</Filter>
    </None>
    <None Include="icons\bringtofront.png">
      <Filter>Resource Files</Filter>
    </None>
    <None Include="icons\copy.png">
      <Filter>Resource Files</Filter>
    </None>
    <None Include="..\qtpropertybrowser\src\images\cursor-arrow.png">
      <Filter>Resource Files</Filter>
    </None>
    <None Include="..\qtpropertybrowser\src\images\cursor-busy.png">
      <Filter>Resource Files</Filter>
    </None>
    <None Include="..\qtpropertybrowser\src\images\cursor-closedhand.png">
      <Filter>Resource Files</Filter>
    </None>
    <None Include="..\qtpropertybrowser\src\images\cursor-cross.png">
      <Filter>Resource Files</Filter>
    </None>
    <None Include="..\qtpropertybrowser\src\images\cursor-forbidden.png">
      <Filter>Resource Files</Filter>
    </None>
    <None Include="..\qtpropertybrowser\src\images\cursor-hand.png">
      <Filter>Resource Files</Filter>
    </None>
    <None Include="..\qtpropertybrowser\src\images\cursor-hsplit.png">
      <Filter>Resource Files</Filter>
    </None>
    <None Include="..\qtpropertybrowser\src\images\cursor-ibeam.png">
      <Filter>Resource Files</Filter>
    </None>
    <None Include="..\qtpropertybrowser\src\images\cursor-openhand.png">
      <Filter>Resource Files</Filter>
    </None>
    <None Include="..\qtpropertybrowser\src\images\cursor-sizeall.png">
      <Filter>Resource Files</Filter>
    </None>
    <None Include="..\qtpropertybrowser\src\images\cursor-sizeb.png">
      <Filter>Resource Files</Filter>
    </None>
    <None Include="..\qtpropertybrowser\src\images\cursor-sizef.png">
      <Filter>Resource Files</Filter>
    </None>
    <None Include="..\qtpropertybrowser\src\images\cursor-sizeh.png">
      <Filter>Resource Files</Filter>
    </None>
    <None Include="..\qtpropertybrowser\src\images\cursor-sizev.png">
      <Filter>Resource Files</Filter>
    </None>
    <None Include="..\qtpropertybrowser\src\images\cursor-uparrow.png">
      <Filter>Resource Files</Filter>
    </None>
    <None Include="..\qtpropertybrowser\src\images\cursor-vsplit.png">
      <Filter>Resource Files</Filter>
    </None>
    <None Include="..\qtpropertybrowser\src\images\cursor-wait.png">
      <Filter>Resource Files</Filter>
    </None>
    <None Include="..\qtpropertybrowser\src\images\cursor-whatsthis.png">
      <Filter>Resource Files</Filter>
    </None>
    <None Include="icons\cut.png">
      <Filter>Resource Files</Filter>
    </None>
    <None Include="icons\ellipse.png">
      <Filter>Resource Files</Filter>
    </None>
    <None Include="icons\group.png">
      <Filter>Resource Files</Filter>
    </None>
    <None Include="icons\line.png">
      <Filter>Resource Files</Filter>
    </None>
    <None Include="icons\paste.png">
      <Filter>Resource Files</Filter>
    </None>
    <None Include="icons\polygon.png">
      <Filter>Resource Files</Filter>
    </None>
    <None Include="icons\polyline.png">
      <Filter>Resource Files</Filter>
    </None>
    <QtRcc Include="..\qtpropertybrowser\src\qtpropertybrowser.qrc">
      <Filter>Resource Files</Filter>
    </QtRcc>
    <None Include="icons\rectangle.png">
      <Filter>Resource Files</Filter>
    </None>
    <None Include="icons\redo.png">
      <Filter>Resource Files</Filter>
    </None>
    <None Include="icons\rotate.png">
      <Filter>Resource Files</Filter>
    </None>
    <None Include="icons\roundrect.png">
      <Filter>Resource Files</Filter>
    </None>
    <None Include="icons\sendtoback.png">
      <Filter>Resource Files</Filter>
    </None>
    <None Include="icons\undo.png">
      <Filter>Resource Files</Filter>
    </None>
    <None Include="icons\ungroup.png">
      <Filter>Resource Files</Filter>
    </None>
    <None Include="icons\zoomin.png">
      <Filter>Resource Files</Filter>
    </None>
    <None Include="icons\zoomout.png">
      <Filter>Resource Files</Filter>
    </None>
  </ItemGroup>
</Project>